// !$*UTF8*$!
{
	archiveVersion = 1;
	classes = {
	};
	objectVersion = 56;
	objects = {
		AA0000000000000000000001 /* Project object */ = {
			isa = PBXProject;
			attributes = {
				LastUpgradeCheck = 1520;
			};
			targets = (
			);
		};
	};
	rootObject = AA0000000000000000000001 /* Project object */;
}
