// !$*UTF8*$!
{
	objects = {
		AAA /* MyApp */ = {
			isa = PBXNativeTarget;
			name = MyApp;
			productType = "com.apple.product-type.application";
		};
		DDD /* Vendored */ = {
			isa = PBXNativeTarget;
			name = Vendored;
			productType = "com.apple.product-type.framework";
		};
	};
	buildSettings = {
		GENERATE_INFOPLIST_FILE = YES;
		INFOPLIST_FILE = Vendored/Info.plist;
	};
}
